// !$*UTF8*$!
{
	archiveVersion = 1;
	classes = {
	};
	objectVersion = 46;
	objects = {

/* Begin PBXBuildFile section */
		531F510B1BECBDD20081AC7B /* UserViewController.swift in Sources */ = {isa = PBXBuildFile; fileRef = 531F510A1BECBDD20081AC7B /* UserViewController.swift */; };
		531F510D1BECBED80081AC7B /* UserDetailsViewController.swift in Sources */ = {isa = PBXBuildFile; fileRef = 531F510C1BECBED80081AC7B /* UserDetailsViewController.swift */; };
		533859AE1BD31C1100BF79D4 /* PuzzleListTableViewController.swift in Sources */ = {isa = PBXBuildFile; fileRef = 533859AD1BD31C1100BF79D4 /* PuzzleListTableViewController.swift */; };
		533859B01BD32A2200BF79D4 /* PuzzleListViewCell.swift in Sources */ = {isa = PBXBuildFile; fileRef = 533859AF1BD32A2200BF79D4 /* PuzzleListViewCell.swift */; };
		533859B21BD36A8400BF79D4 /* PuzzleQuestionSelectViewController.swift in Sources */ = {isa = PBXBuildFile; fileRef = 533859B11BD36A8400BF79D4 /* PuzzleQuestionSelectViewController.swift */; };
		533859B41BD36B8300BF79D4 /* PuzzleQuestionListTableViewController.swift in Sources */ = {isa = PBXBuildFile; fileRef = 533859B31BD36B8300BF79D4 /* PuzzleQuestionListTableViewController.swift */; };
		533859B61BD36D8300BF79D4 /* PuzzleSubSelectViewController.swift in Sources */ = {isa = PBXBuildFile; fileRef = 533859B51BD36D8300BF79D4 /* PuzzleSubSelectViewController.swift */; };
		533859B81BD36DF400BF79D4 /* PuzzleSubListTableViewController.swift in Sources */ = {isa = PBXBuildFile; fileRef = 533859B71BD36DF400BF79D4 /* PuzzleSubListTableViewController.swift */; };
		533859BA1BD370D800BF79D4 /* PuzzleSubListViewCell.swift in Sources */ = {isa = PBXBuildFile; fileRef = 533859B91BD370D800BF79D4 /* PuzzleSubListViewCell.swift */; };
		533859BC1BD3711400BF79D4 /* PuzzleQuestionListViewCell.swift in Sources */ = {isa = PBXBuildFile; fileRef = 533859BB1BD3711400BF79D4 /* PuzzleQuestionListViewCell.swift */; };
		53563E1F1BEF7634005911AC /* SettingsViewController.swift in Sources */ = {isa = PBXBuildFile; fileRef = 53563E1E1BEF7634005911AC /* SettingsViewController.swift */; };
		53563E211BF09A13005911AC /* SettingsViewCell.swift in Sources */ = {isa = PBXBuildFile; fileRef = 53563E201BF09A13005911AC /* SettingsViewCell.swift */; };
		53563E231BF0A40C005911AC /* SettingsContainerViewController.swift in Sources */ = {isa = PBXBuildFile; fileRef = 53563E221BF0A40C005911AC /* SettingsContainerViewController.swift */; };
		53563E251BF0AB52005911AC /* ChangeUserView.swift in Sources */ = {isa = PBXBuildFile; fileRef = 53563E241BF0AB52005911AC /* ChangeUserView.swift */; };
		53563E271BF0AB66005911AC /* ChangeUserListViewController.swift in Sources */ = {isa = PBXBuildFile; fileRef = 53563E261BF0AB66005911AC /* ChangeUserListViewController.swift */; };
		53563E291BF0AB73005911AC /* ChangeUserListCell.swift in Sources */ = {isa = PBXBuildFile; fileRef = 53563E281BF0AB73005911AC /* ChangeUserListCell.swift */; };
		53563E2B1BF0B230005911AC /* AboutView.swift in Sources */ = {isa = PBXBuildFile; fileRef = 53563E2A1BF0B230005911AC /* AboutView.swift */; };
		53563E2D1BF0C7E9005911AC /* InstructionsViewController.swift in Sources */ = {isa = PBXBuildFile; fileRef = 53563E2C1BF0C7E9005911AC /* InstructionsViewController.swift */; };
		535FA5FF1BC242A60029B18C /* AppDelegate.swift in Sources */ = {isa = PBXBuildFile; fileRef = 535FA5FE1BC242A60029B18C /* AppDelegate.swift */; };
		535FA6011BC242A60029B18C /* PuzzleViewController.swift in Sources */ = {isa = PBXBuildFile; fileRef = 535FA6001BC242A60029B18C /* PuzzleViewController.swift */; };
		535FA6041BC242A60029B18C /* Main.storyboard in Resources */ = {isa = PBXBuildFile; fileRef = 535FA6021BC242A60029B18C /* Main.storyboard */; };
		535FA6071BC242A60029B18C /* PuzzleBubble.xcdatamodeld in Sources */ = {isa = PBXBuildFile; fileRef = 535FA6051BC242A60029B18C /* PuzzleBubble.xcdatamodeld */; };
		535FA6091BC242A60029B18C /* Assets.xcassets in Resources */ = {isa = PBXBuildFile; fileRef = 535FA6081BC242A60029B18C /* Assets.xcassets */; };
		535FA60C1BC242A60029B18C /* LaunchScreen.storyboard in Resources */ = {isa = PBXBuildFile; fileRef = 535FA60A1BC242A60029B18C /* LaunchScreen.storyboard */; };
		535FA6141BC24E3F0029B18C /* GridCollectionViewController.swift in Sources */ = {isa = PBXBuildFile; fileRef = 535FA6131BC24E3F0029B18C /* GridCollectionViewController.swift */; };
		535FA6161BC2958E0029B18C /* GridViewCell.swift in Sources */ = {isa = PBXBuildFile; fileRef = 535FA6151BC2958E0029B18C /* GridViewCell.swift */; };
		53825C3D1BCA3F570056CDC3 /* PBClient.swift in Sources */ = {isa = PBXBuildFile; fileRef = 53825C3C1BCA3F570056CDC3 /* PBClient.swift */; };
		53825C3F1BCA3F620056CDC3 /* PBConstants.swift in Sources */ = {isa = PBXBuildFile; fileRef = 53825C3E1BCA3F620056CDC3 /* PBConstants.swift */; };
		53825C411BCA40F10056CDC3 /* PBNetLayer.swift in Sources */ = {isa = PBXBuildFile; fileRef = 53825C401BCA40F10056CDC3 /* PBNetLayer.swift */; };
		53825C431BCA4E370056CDC3 /* PuzzleSelectViewController.swift in Sources */ = {isa = PBXBuildFile; fileRef = 53825C421BCA4E370056CDC3 /* PuzzleSelectViewController.swift */; };
		538FA6E21BEE0B2A00C53076 /* NewUserViewController.swift in Sources */ = {isa = PBXBuildFile; fileRef = 538FA6E11BEE0B2A00C53076 /* NewUserViewController.swift */; };
		53C756421BEB81AC006D875C /* CoreDataManager.swift in Sources */ = {isa = PBXBuildFile; fileRef = 53C756411BEB81AC006D875C /* CoreDataManager.swift */; };
		53C756451BEB8867006D875C /* User.swift in Sources */ = {isa = PBXBuildFile; fileRef = 53C756441BEB8867006D875C /* User.swift */; };
		53C756471BEB8872006D875C /* Question.swift in Sources */ = {isa = PBXBuildFile; fileRef = 53C756461BEB8872006D875C /* Question.swift */; };
/* End PBXBuildFile section */

/* Begin PBXFileReference section */
		531F510A1BECBDD20081AC7B /* UserViewController.swift */ = {isa = PBXFileReference; fileEncoding = 4; lastKnownFileType = sourcecode.swift; path = UserViewController.swift; sourceTree = "<group>"; };
		531F510C1BECBED80081AC7B /* UserDetailsViewController.swift */ = {isa = PBXFileReference; fileEncoding = 4; lastKnownFileType = sourcecode.swift; path = UserDetailsViewController.swift; sourceTree = "<group>"; };
		533859AD1BD31C1100BF79D4 /* PuzzleListTableViewController.swift */ = {isa = PBXFileReference; fileEncoding = 4; lastKnownFileType = sourcecode.swift; path = PuzzleListTableViewController.swift; sourceTree = "<group>"; };
		533859AF1BD32A2200BF79D4 /* PuzzleListViewCell.swift */ = {isa = PBXFileReference; fileEncoding = 4; lastKnownFileType = sourcecode.swift; path = PuzzleListViewCell.swift; sourceTree = "<group>"; };
		533859B11BD36A8400BF79D4 /* PuzzleQuestionSelectViewController.swift */ = {isa = PBXFileReference; fileEncoding = 4; lastKnownFileType = sourcecode.swift; path = PuzzleQuestionSelectViewController.swift; sourceTree = "<group>"; };
		533859B31BD36B8300BF79D4 /* PuzzleQuestionListTableViewController.swift */ = {isa = PBXFileReference; fileEncoding = 4; lastKnownFileType = sourcecode.swift; path = PuzzleQuestionListTableViewController.swift; sourceTree = "<group>"; };
		533859B51BD36D8300BF79D4 /* PuzzleSubSelectViewController.swift */ = {isa = PBXFileReference; fileEncoding = 4; lastKnownFileType = sourcecode.swift; path = PuzzleSubSelectViewController.swift; sourceTree = "<group>"; };
		533859B71BD36DF400BF79D4 /* PuzzleSubListTableViewController.swift */ = {isa = PBXFileReference; fileEncoding = 4; lastKnownFileType = sourcecode.swift; path = PuzzleSubListTableViewController.swift; sourceTree = "<group>"; };
		533859B91BD370D800BF79D4 /* PuzzleSubListViewCell.swift */ = {isa = PBXFileReference; fileEncoding = 4; lastKnownFileType = sourcecode.swift; path = PuzzleSubListViewCell.swift; sourceTree = "<group>"; };
		533859BB1BD3711400BF79D4 /* PuzzleQuestionListViewCell.swift */ = {isa = PBXFileReference; fileEncoding = 4; lastKnownFileType = sourcecode.swift; path = PuzzleQuestionListViewCell.swift; sourceTree = "<group>"; };
		53563E1E1BEF7634005911AC /* SettingsViewController.swift */ = {isa = PBXFileReference; fileEncoding = 4; lastKnownFileType = sourcecode.swift; path = SettingsViewController.swift; sourceTree = "<group>"; };
		53563E201BF09A13005911AC /* SettingsViewCell.swift */ = {isa = PBXFileReference; fileEncoding = 4; lastKnownFileType = sourcecode.swift; path = SettingsViewCell.swift; sourceTree = "<group>"; };
		53563E221BF0A40C005911AC /* SettingsContainerViewController.swift */ = {isa = PBXFileReference; fileEncoding = 4; lastKnownFileType = sourcecode.swift; path = SettingsContainerViewController.swift; sourceTree = "<group>"; };
		53563E241BF0AB52005911AC /* ChangeUserView.swift */ = {isa = PBXFileReference; fileEncoding = 4; lastKnownFileType = sourcecode.swift; path = ChangeUserView.swift; sourceTree = "<group>"; };
		53563E261BF0AB66005911AC /* ChangeUserListViewController.swift */ = {isa = PBXFileReference; fileEncoding = 4; lastKnownFileType = sourcecode.swift; path = ChangeUserListViewController.swift; sourceTree = "<group>"; };
		53563E281BF0AB73005911AC /* ChangeUserListCell.swift */ = {isa = PBXFileReference; fileEncoding = 4; lastKnownFileType = sourcecode.swift; path = ChangeUserListCell.swift; sourceTree = "<group>"; };
		53563E2A1BF0B230005911AC /* AboutView.swift */ = {isa = PBXFileReference; fileEncoding = 4; lastKnownFileType = sourcecode.swift; path = AboutView.swift; sourceTree = "<group>"; };
		53563E2C1BF0C7E9005911AC /* InstructionsViewController.swift */ = {isa = PBXFileReference; fileEncoding = 4; lastKnownFileType = sourcecode.swift; path = InstructionsViewController.swift; sourceTree = "<group>"; };
		535FA5FB1BC242A60029B18C /* PuzzleBubble.app */ = {isa = PBXFileReference; explicitFileType = wrapper.application; includeInIndex = 0; path = PuzzleBubble.app; sourceTree = BUILT_PRODUCTS_DIR; };
		535FA5FE1BC242A60029B18C /* AppDelegate.swift */ = {isa = PBXFileReference; lastKnownFileType = sourcecode.swift; path = AppDelegate.swift; sourceTree = "<group>"; };
		535FA6001BC242A60029B18C /* PuzzleViewController.swift */ = {isa = PBXFileReference; lastKnownFileType = sourcecode.swift; path = PuzzleViewController.swift; sourceTree = "<group>"; };
		535FA6031BC242A60029B18C /* Base */ = {isa = PBXFileReference; lastKnownFileType = file.storyboard; name = Base; path = Base.lproj/Main.storyboard; sourceTree = "<group>"; };
		535FA6061BC242A60029B18C /* PuzzleBubble.xcdatamodel */ = {isa = PBXFileReference; lastKnownFileType = wrapper.xcdatamodel; path = PuzzleBubble.xcdatamodel; sourceTree = "<group>"; };
		535FA6081BC242A60029B18C /* Assets.xcassets */ = {isa = PBXFileReference; lastKnownFileType = folder.assetcatalog; path = Assets.xcassets; sourceTree = "<group>"; };
		535FA60B1BC242A60029B18C /* Base */ = {isa = PBXFileReference; lastKnownFileType = file.storyboard; name = Base; path = Base.lproj/LaunchScreen.storyboard; sourceTree = "<group>"; };
		535FA60D1BC242A60029B18C /* Info.plist */ = {isa = PBXFileReference; lastKnownFileType = text.plist.xml; path = Info.plist; sourceTree = "<group>"; };
		535FA6131BC24E3F0029B18C /* GridCollectionViewController.swift */ = {isa = PBXFileReference; fileEncoding = 4; lastKnownFileType = sourcecode.swift; path = GridCollectionViewController.swift; sourceTree = "<group>"; };
		535FA6151BC2958E0029B18C /* GridViewCell.swift */ = {isa = PBXFileReference; fileEncoding = 4; lastKnownFileType = sourcecode.swift; path = GridViewCell.swift; sourceTree = "<group>"; };
		53825C3C1BCA3F570056CDC3 /* PBClient.swift */ = {isa = PBXFileReference; fileEncoding = 4; lastKnownFileType = sourcecode.swift; path = PBClient.swift; sourceTree = "<group>"; };
		53825C3E1BCA3F620056CDC3 /* PBConstants.swift */ = {isa = PBXFileReference; fileEncoding = 4; lastKnownFileType = sourcecode.swift; path = PBConstants.swift; sourceTree = "<group>"; };
		53825C401BCA40F10056CDC3 /* PBNetLayer.swift */ = {isa = PBXFileReference; fileEncoding = 4; lastKnownFileType = sourcecode.swift; path = PBNetLayer.swift; sourceTree = "<group>"; };
		53825C421BCA4E370056CDC3 /* PuzzleSelectViewController.swift */ = {isa = PBXFileReference; fileEncoding = 4; lastKnownFileType = sourcecode.swift; path = PuzzleSelectViewController.swift; sourceTree = "<group>"; };
		538FA6E11BEE0B2A00C53076 /* NewUserViewController.swift */ = {isa = PBXFileReference; fileEncoding = 4; lastKnownFileType = sourcecode.swift; path = NewUserViewController.swift; sourceTree = "<group>"; };
		53C756411BEB81AC006D875C /* CoreDataManager.swift */ = {isa = PBXFileReference; fileEncoding = 4; lastKnownFileType = sourcecode.swift; path = CoreDataManager.swift; sourceTree = "<group>"; };
		53C756441BEB8867006D875C /* User.swift */ = {isa = PBXFileReference; fileEncoding = 4; lastKnownFileType = sourcecode.swift; path = User.swift; sourceTree = "<group>"; };
		53C756461BEB8872006D875C /* Question.swift */ = {isa = PBXFileReference; fileEncoding = 4; lastKnownFileType = sourcecode.swift; path = Question.swift; sourceTree = "<group>"; };
/* End PBXFileReference section */

/* Begin PBXFrameworksBuildPhase section */
		535FA5F81BC242A60029B18C /* Frameworks */ = {
			isa = PBXFrameworksBuildPhase;
			buildActionMask = 2147483647;
			files = (
			);
			runOnlyForDeploymentPostprocessing = 0;
		};
/* End PBXFrameworksBuildPhase section */

/* Begin PBXGroup section */
		535FA5F21BC242A50029B18C = {
			isa = PBXGroup;
			children = (
				535FA5FD1BC242A60029B18C /* PuzzleBubble */,
				535FA5FC1BC242A60029B18C /* Products */,
			);
			sourceTree = "<group>";
		};
		535FA5FC1BC242A60029B18C /* Products */ = {
			isa = PBXGroup;
			children = (
				535FA5FB1BC242A60029B18C /* PuzzleBubble.app */,
			);
			name = Products;
			sourceTree = "<group>";
		};
		535FA5FD1BC242A60029B18C /* PuzzleBubble */ = {
			isa = PBXGroup;
			children = (
				53C756431BEB8858006D875C /* model */,
				53825C3B1BCA3F3C0056CDC3 /* Client */,
				535FA5FE1BC242A60029B18C /* AppDelegate.swift */,
				535FA6001BC242A60029B18C /* PuzzleViewController.swift */,
				53825C421BCA4E370056CDC3 /* PuzzleSelectViewController.swift */,
				533859AD1BD31C1100BF79D4 /* PuzzleListTableViewController.swift */,
				533859AF1BD32A2200BF79D4 /* PuzzleListViewCell.swift */,
				533859B51BD36D8300BF79D4 /* PuzzleSubSelectViewController.swift */,
				533859B71BD36DF400BF79D4 /* PuzzleSubListTableViewController.swift */,
				533859B91BD370D800BF79D4 /* PuzzleSubListViewCell.swift */,
				533859B11BD36A8400BF79D4 /* PuzzleQuestionSelectViewController.swift */,
				533859B31BD36B8300BF79D4 /* PuzzleQuestionListTableViewController.swift */,
				533859BB1BD3711400BF79D4 /* PuzzleQuestionListViewCell.swift */,
				535FA6131BC24E3F0029B18C /* GridCollectionViewController.swift */,
				535FA6151BC2958E0029B18C /* GridViewCell.swift */,
				535FA6021BC242A60029B18C /* Main.storyboard */,
				53563E2C1BF0C7E9005911AC /* InstructionsViewController.swift */,
				53563E2A1BF0B230005911AC /* AboutView.swift */,
				53563E241BF0AB52005911AC /* ChangeUserView.swift */,
				53563E261BF0AB66005911AC /* ChangeUserListViewController.swift */,
				53563E281BF0AB73005911AC /* ChangeUserListCell.swift */,
				53563E1E1BEF7634005911AC /* SettingsViewController.swift */,
				53563E221BF0A40C005911AC /* SettingsContainerViewController.swift */,
				53563E201BF09A13005911AC /* SettingsViewCell.swift */,
				538FA6E11BEE0B2A00C53076 /* NewUserViewController.swift */,
				531F510A1BECBDD20081AC7B /* UserViewController.swift */,
				531F510C1BECBED80081AC7B /* UserDetailsViewController.swift */,
				53C756411BEB81AC006D875C /* CoreDataManager.swift */,
				535FA6081BC242A60029B18C /* Assets.xcassets */,
				535FA60A1BC242A60029B18C /* LaunchScreen.storyboard */,
				535FA60D1BC242A60029B18C /* Info.plist */,
				535FA6051BC242A60029B18C /* PuzzleBubble.xcdatamodeld */,
			);
			path = PuzzleBubble;
			sourceTree = "<group>";
		};
		53825C3B1BCA3F3C0056CDC3 /* Client */ = {
			isa = PBXGroup;
			children = (
				53825C3C1BCA3F570056CDC3 /* PBClient.swift */,
				53825C3E1BCA3F620056CDC3 /* PBConstants.swift */,
				53825C401BCA40F10056CDC3 /* PBNetLayer.swift */,
			);
			name = Client;
			sourceTree = "<group>";
		};
		53C756431BEB8858006D875C /* model */ = {
			isa = PBXGroup;
			children = (
				53C756441BEB8867006D875C /* User.swift */,
				53C756461BEB8872006D875C /* Question.swift */,
			);
			name = model;
			sourceTree = "<group>";
		};
/* End PBXGroup section */

/* Begin PBXNativeTarget section */
		535FA5FA1BC242A60029B18C /* PuzzleBubble */ = {
			isa = PBXNativeTarget;
			buildConfigurationList = 535FA6101BC242A60029B18C /* Build configuration list for PBXNativeTarget "PuzzleBubble" */;
			buildPhases = (
				535FA5F71BC242A60029B18C /* Sources */,
				535FA5F81BC242A60029B18C /* Frameworks */,
				535FA5F91BC242A60029B18C /* Resources */,
			);
			buildRules = (
			);
			dependencies = (
			);
			name = PuzzleBubble;
			productName = PuzzleBubble;
			productReference = 535FA5FB1BC242A60029B18C /* PuzzleBubble.app */;
			productType = "com.apple.product-type.application";
		};
/* End PBXNativeTarget section */

/* Begin PBXProject section */
		535FA5F31BC242A60029B18C /* Project object */ = {
			isa = PBXProject;
			attributes = {
				LastUpgradeCheck = 0700;
				ORGANIZATIONNAME = ttobin;
				TargetAttributes = {
					535FA5FA1BC242A60029B18C = {
						CreatedOnToolsVersion = 7.0.1;
					};
				};
			};
			buildConfigurationList = 535FA5F61BC242A60029B18C /* Build configuration list for PBXProject "PuzzleBubble" */;
			compatibilityVersion = "Xcode 3.2";
			developmentRegion = English;
			hasScannedForEncodings = 0;
			knownRegions = (
				en,
				Base,
			);
			mainGroup = 535FA5F21BC242A50029B18C;
			productRefGroup = 535FA5FC1BC242A60029B18C /* Products */;
			projectDirPath = "";
			projectRoot = "";
			targets = (
				535FA5FA1BC242A60029B18C /* PuzzleBubble */,
			);
		};
/* End PBXProject section */

/* Begin PBXResourcesBuildPhase section */
		535FA5F91BC242A60029B18C /* Resources */ = {
			isa = PBXResourcesBuildPhase;
			buildActionMask = 2147483647;
			files = (
				535FA60C1BC242A60029B18C /* LaunchScreen.storyboard in Resources */,
				535FA6091BC242A60029B18C /* Assets.xcassets in Resources */,
				535FA6041BC242A60029B18C /* Main.storyboard in Resources */,
			);
			runOnlyForDeploymentPostprocessing = 0;
		};
/* End PBXResourcesBuildPhase section */

/* Begin PBXSourcesBuildPhase section */
		535FA5F71BC242A60029B18C /* Sources */ = {
			isa = PBXSourcesBuildPhase;
			buildActionMask = 2147483647;
			files = (
				535FA6011BC242A60029B18C /* PuzzleViewController.swift in Sources */,
				533859BC1BD3711400BF79D4 /* PuzzleQuestionListViewCell.swift in Sources */,
				533859BA1BD370D800BF79D4 /* PuzzleSubListViewCell.swift in Sources */,
				53825C411BCA40F10056CDC3 /* PBNetLayer.swift in Sources */,
				53563E2B1BF0B230005911AC /* AboutView.swift in Sources */,
				535FA6161BC2958E0029B18C /* GridViewCell.swift in Sources */,
				53C756471BEB8872006D875C /* Question.swift in Sources */,
				533859B61BD36D8300BF79D4 /* PuzzleSubSelectViewController.swift in Sources */,
				531F510B1BECBDD20081AC7B /* UserViewController.swift in Sources */,
				531F510D1BECBED80081AC7B /* UserDetailsViewController.swift in Sources */,
				53C756421BEB81AC006D875C /* CoreDataManager.swift in Sources */,
				53563E291BF0AB73005911AC /* ChangeUserListCell.swift in Sources */,
				538FA6E21BEE0B2A00C53076 /* NewUserViewController.swift in Sources */,
				533859B41BD36B8300BF79D4 /* PuzzleQuestionListTableViewController.swift in Sources */,
				53825C3F1BCA3F620056CDC3 /* PBConstants.swift in Sources */,
				53563E231BF0A40C005911AC /* SettingsContainerViewController.swift in Sources */,
				535FA6071BC242A60029B18C /* PuzzleBubble.xcdatamodeld in Sources */,
				533859AE1BD31C1100BF79D4 /* PuzzleListTableViewController.swift in Sources */,
				53825C431BCA4E370056CDC3 /* PuzzleSelectViewController.swift in Sources */,
				533859B81BD36DF400BF79D4 /* PuzzleSubListTableViewController.swift in Sources */,
				533859B01BD32A2200BF79D4 /* PuzzleListViewCell.swift in Sources */,
				533859B21BD36A8400BF79D4 /* PuzzleQuestionSelectViewController.swift in Sources */,
				535FA6141BC24E3F0029B18C /* GridCollectionViewController.swift in Sources */,
				53563E211BF09A13005911AC /* SettingsViewCell.swift in Sources */,
				53825C3D1BCA3F570056CDC3 /* PBClient.swift in Sources */,
				53563E251BF0AB52005911AC /* ChangeUserView.swift in Sources */,
				535FA5FF1BC242A60029B18C /* AppDelegate.swift in Sources */,
				53563E271BF0AB66005911AC /* ChangeUserListViewController.swift in Sources */,
				53563E2D1BF0C7E9005911AC /* InstructionsViewController.swift in Sources */,
				53C756451BEB8867006D875C /* User.swift in Sources */,
				53563E1F1BEF7634005911AC /* SettingsViewController.swift in Sources */,
			);
			runOnlyForDeploymentPostprocessing = 0;
		};
/* End PBXSourcesBuildPhase section */

/* Begin PBXVariantGroup section */
		535FA6021BC242A60029B18C /* Main.storyboard */ = {
			isa = PBXVariantGroup;
			children = (
				535FA6031BC242A60029B18C /* Base */,
			);
			name = Main.storyboard;
			sourceTree = "<group>";
		};
		535FA60A1BC242A60029B18C /* LaunchScreen.storyboard */ = {
			isa = PBXVariantGroup;
			children = (
				535FA60B1BC242A60029B18C /* Base */,
			);
			name = LaunchScreen.storyboard;
			sourceTree = "<group>";
		};
/* End PBXVariantGroup section */

/* Begin XCBuildConfiguration section */
		535FA60E1BC242A60029B18C /* Debug */ = {
			isa = XCBuildConfiguration;
			buildSettings = {
				ALWAYS_SEARCH_USER_PATHS = NO;
				CLANG_CXX_LANGUAGE_STANDARD = "gnu++0x";
				CLANG_CXX_LIBRARY = "libc++";
				CLANG_ENABLE_MODULES = YES;
				CLANG_ENABLE_OBJC_ARC = YES;
				CLANG_WARN_BOOL_CONVERSION = YES;
				CLANG_WARN_CONSTANT_CONVERSION = YES;
				CLANG_WARN_DIRECT_OBJC_ISA_USAGE = YES_ERROR;
				CLANG_WARN_EMPTY_BODY = YES;
				CLANG_WARN_ENUM_CONVERSION = YES;
				CLANG_WARN_INT_CONVERSION = YES;
				CLANG_WARN_OBJC_ROOT_CLASS = YES_ERROR;
				CLANG_WARN_UNREACHABLE_CODE = YES;
				CLANG_WARN__DUPLICATE_METHOD_MATCH = YES;
				"CODE_SIGN_IDENTITY[sdk=iphoneos*]" = "iPhone Developer";
				COPY_PHASE_STRIP = NO;
				DEBUG_INFORMATION_FORMAT = dwarf;
				ENABLE_STRICT_OBJC_MSGSEND = YES;
				ENABLE_TESTABILITY = YES;
				GCC_C_LANGUAGE_STANDARD = gnu99;
				GCC_DYNAMIC_NO_PIC = NO;
				GCC_NO_COMMON_BLOCKS = YES;
				GCC_OPTIMIZATION_LEVEL = 0;
				GCC_PREPROCESSOR_DEFINITIONS = (
					"DEBUG=1",
					"$(inherited)",
				);
				GCC_WARN_64_TO_32_BIT_CONVERSION = YES;
				GCC_WARN_ABOUT_RETURN_TYPE = YES_ERROR;
				GCC_WARN_UNDECLARED_SELECTOR = YES;
				GCC_WARN_UNINITIALIZED_AUTOS = YES_AGGRESSIVE;
				GCC_WARN_UNUSED_FUNCTION = YES;
				GCC_WARN_UNUSED_VARIABLE = YES;
				IPHONEOS_DEPLOYMENT_TARGET = 9.0;
				MTL_ENABLE_DEBUG_INFO = YES;
				ONLY_ACTIVE_ARCH = YES;
				SDKROOT = iphoneos;
				SWIFT_OPTIMIZATION_LEVEL = "-Onone";
				TARGETED_DEVICE_FAMILY = "1,2";
			};
			name = Debug;
		};
		535FA60F1BC242A60029B18C /* Release */ = {
			isa = XCBuildConfiguration;
			buildSettings = {
				ALWAYS_SEARCH_USER_PATHS = NO;
				CLANG_CXX_LANGUAGE_STANDARD = "gnu++0x";
				CLANG_CXX_LIBRARY = "libc++";
				CLANG_ENABLE_MODULES = YES;
				CLANG_ENABLE_OBJC_ARC = YES;
				CLANG_WARN_BOOL_CONVERSION = YES;
				CLANG_WARN_CONSTANT_CONVERSION = YES;
				CLANG_WARN_DIRECT_OBJC_ISA_USAGE = YES_ERROR;
				CLANG_WARN_EMPTY_BODY = YES;
				CLANG_WARN_ENUM_CONVERSION = YES;
				CLANG_WARN_INT_CONVERSION = YES;
				CLANG_WARN_OBJC_ROOT_CLASS = YES_ERROR;
				CLANG_WARN_UNREACHABLE_CODE = YES;
				CLANG_WARN__DUPLICATE_METHOD_MATCH = YES;
				"CODE_SIGN_IDENTITY[sdk=iphoneos*]" = "iPhone Developer";
				COPY_PHASE_STRIP = NO;
				DEBUG_INFORMATION_FORMAT = "dwarf-with-dsym";
				ENABLE_NS_ASSERTIONS = NO;
				ENABLE_STRICT_OBJC_MSGSEND = YES;
				GCC_C_LANGUAGE_STANDARD = gnu99;
				GCC_NO_COMMON_BLOCKS = YES;
				GCC_WARN_64_TO_32_BIT_CONVERSION = YES;
				GCC_WARN_ABOUT_RETURN_TYPE = YES_ERROR;
				GCC_WARN_UNDECLARED_SELECTOR = YES;
				GCC_WARN_UNINITIALIZED_AUTOS = YES_AGGRESSIVE;
				GCC_WARN_UNUSED_FUNCTION = YES;
				GCC_WARN_UNUSED_VARIABLE = YES;
				IPHONEOS_DEPLOYMENT_TARGET = 9.0;
				MTL_ENABLE_DEBUG_INFO = NO;
				SDKROOT = iphoneos;
				TARGETED_DEVICE_FAMILY = "1,2";
				VALIDATE_PRODUCT = YES;
			};
			name = Release;
		};
		535FA6111BC242A60029B18C /* Debug */ = {
			isa = XCBuildConfiguration;
			buildSettings = {
				ASSETCATALOG_COMPILER_APPICON_NAME = AppIcon;
				INFOPLIST_FILE = PuzzleBubble/Info.plist;
				LD_RUNPATH_SEARCH_PATHS = "$(inherited) @executable_path/Frameworks";
				PRODUCT_BUNDLE_IDENTIFIER = com.ttobin.PuzzleBubble;
				PRODUCT_NAME = "$(TARGET_NAME)";
			};
			name = Debug;
		};
		535FA6121BC242A60029B18C /* Release */ = {
			isa = XCBuildConfiguration;
			buildSettings = {
				ASSETCATALOG_COMPILER_APPICON_NAME = AppIcon;
				INFOPLIST_FILE = PuzzleBubble/Info.plist;
				LD_RUNPATH_SEARCH_PATHS = "$(inherited) @executable_path/Frameworks";
				PRODUCT_BUNDLE_IDENTIFIER = com.ttobin.PuzzleBubble;
				PRODUCT_NAME = "$(TARGET_NAME)";
			};
			name = Release;
		};
/* End XCBuildConfiguration section */

/* Begin XCConfigurationList section */
		535FA5F61BC242A60029B18C /* Build configuration list for PBXProject "PuzzleBubble" */ = {
			isa = XCConfigurationList;
			buildConfigurations = (
				535FA60E1BC242A60029B18C /* Debug */,
				535FA60F1BC242A60029B18C /* Release */,
			);
			defaultConfigurationIsVisible = 0;
			defaultConfigurationName = Release;
		};
		535FA6101BC242A60029B18C /* Build configuration list for PBXNativeTarget "PuzzleBubble" */ = {
			isa = XCConfigurationList;
			buildConfigurations = (
				535FA6111BC242A60029B18C /* Debug */,
				535FA6121BC242A60029B18C /* Release */,
			);
			defaultConfigurationIsVisible = 0;
			defaultConfigurationName = Release;
		};
/* End XCConfigurationList section */

/* Begin XCVersionGroup section */
		535FA6051BC242A60029B18C /* PuzzleBubble.xcdatamodeld */ = {
			isa = XCVersionGroup;
			children = (
				535FA6061BC242A60029B18C /* PuzzleBubble.xcdatamodel */,
			);
			currentVersion = 535FA6061BC242A60029B18C /* PuzzleBubble.xcdatamodel */;
			path = PuzzleBubble.xcdatamodeld;
			sourceTree = "<group>";
			versionGroupType = wrapper.xcdatamodel;
		};
/* End XCVersionGroup section */
	};
	rootObject = 535FA5F31BC242A60029B18C /* Project object */;
}
