// !$*UTF8*$!
{
	archiveVersion = 1;
	classes = {
	};
	objectVersion = 46;
	objects = {

/* Begin PBXBuildFile section */
		535FA5FF1BC242A60029B18C /* AppDelegate.swift in Sources */ = {isa = PBXBuildFile; fileRef = 535FA5FE1BC242A60029B18C /* AppDelegate.swift */; };
		535FA6011BC242A60029B18C /* ViewController.swift in Sources */ = {isa = PBXBuildFile; fileRef = 535FA6001BC242A60029B18C /* ViewController.swift */; };
		535FA6041BC242A60029B18C /* Main.storyboard in Resources */ = {isa = PBXBuildFile; fileRef = 535FA6021BC242A60029B18C /* Main.storyboard */; };
		535FA6071BC242A60029B18C /* PuzzleBubble.xcdatamodeld in Sources */ = {isa = PBXBuildFile; fileRef = 535FA6051BC242A60029B18C /* PuzzleBubble.xcdatamodeld */; };
		535FA6091BC242A60029B18C /* Assets.xcassets in Resources */ = {isa = PBXBuildFile; fileRef = 535FA6081BC242A60029B18C /* Assets.xcassets */; };
		535FA60C1BC242A60029B18C /* LaunchScreen.storyboard in Resources */ = {isa = PBXBuildFile; fileRef = 535FA60A1BC242A60029B18C /* LaunchScreen.storyboard */; };
		535FA6141BC24E3F0029B18C /* GridCollectionViewController.swift in Sources */ = {isa = PBXBuildFile; fileRef = 535FA6131BC24E3F0029B18C /* GridCollectionViewController.swift */; settings = {ASSET_TAGS = (); }; };
		535FA6161BC2958E0029B18C /* GridViewCell.swift in Sources */ = {isa = PBXBuildFile; fileRef = 535FA6151BC2958E0029B18C /* GridViewCell.swift */; settings = {ASSET_TAGS = (); }; };
/* End PBXBuildFile section */

/* Begin PBXFileReference section */
		535FA5FB1BC242A60029B18C /* PuzzleBubble.app */ = {isa = PBXFileReference; explicitFileType = wrapper.application; includeInIndex = 0; path = PuzzleBubble.app; sourceTree = BUILT_PRODUCTS_DIR; };
		535FA5FE1BC242A60029B18C /* AppDelegate.swift */ = {isa = PBXFileReference; lastKnownFileType = sourcecode.swift; path = AppDelegate.swift; sourceTree = "<group>"; };
		535FA6001BC242A60029B18C /* ViewController.swift */ = {isa = PBXFileReference; lastKnownFileType = sourcecode.swift; path = ViewController.swift; sourceTree = "<group>"; };
		535FA6031BC242A60029B18C /* Base */ = {isa = PBXFileReference; lastKnownFileType = file.storyboard; name = Base; path = Base.lproj/Main.storyboard; sourceTree = "<group>"; };
		535FA6061BC242A60029B18C /* PuzzleBubble.xcdatamodel */ = {isa = PBXFileReference; lastKnownFileType = wrapper.xcdatamodel; path = PuzzleBubble.xcdatamodel; sourceTree = "<group>"; };
		535FA6081BC242A60029B18C /* Assets.xcassets */ = {isa = PBXFileReference; lastKnownFileType = folder.assetcatalog; path = Assets.xcassets; sourceTree = "<group>"; };
		535FA60B1BC242A60029B18C /* Base */ = {isa = PBXFileReference; lastKnownFileType = file.storyboard; name = Base; path = Base.lproj/LaunchScreen.storyboard; sourceTree = "<group>"; };
		535FA60D1BC242A60029B18C /* Info.plist */ = {isa = PBXFileReference; lastKnownFileType = text.plist.xml; path = Info.plist; sourceTree = "<group>"; };
		535FA6131BC24E3F0029B18C /* GridCollectionViewController.swift */ = {isa = PBXFileReference; fileEncoding = 4; lastKnownFileType = sourcecode.swift; path = GridCollectionViewController.swift; sourceTree = "<group>"; };
		535FA6151BC2958E0029B18C /* GridViewCell.swift */ = {isa = PBXFileReference; fileEncoding = 4; lastKnownFileType = sourcecode.swift; path = GridViewCell.swift; sourceTree = "<group>"; };
/* End PBXFileReference section */

/* Begin PBXFrameworksBuildPhase section */
		535FA5F81BC242A60029B18C /* Frameworks */ = {
			isa = PBXFrameworksBuildPhase;
			buildActionMask = 2147483647;
			files = (
			);
			runOnlyForDeploymentPostprocessing = 0;
		};
/* End PBXFrameworksBuildPhase section */

/* Begin PBXGroup section */
		535FA5F21BC242A50029B18C = {
			isa = PBXGroup;
			children = (
				535FA5FD1BC242A60029B18C /* PuzzleBubble */,
				535FA5FC1BC242A60029B18C /* Products */,
			);
			sourceTree = "<group>";
		};
		535FA5FC1BC242A60029B18C /* Products */ = {
			isa = PBXGroup;
			children = (
				535FA5FB1BC242A60029B18C /* PuzzleBubble.app */,
			);
			name = Products;
			sourceTree = "<group>";
		};
		535FA5FD1BC242A60029B18C /* PuzzleBubble */ = {
			isa = PBXGroup;
			children = (
				535FA5FE1BC242A60029B18C /* AppDelegate.swift */,
				535FA6001BC242A60029B18C /* ViewController.swift */,
				535FA6021BC242A60029B18C /* Main.storyboard */,
				535FA6131BC24E3F0029B18C /* GridCollectionViewController.swift */,
				535FA6151BC2958E0029B18C /* GridViewCell.swift */,
				535FA6081BC242A60029B18C /* Assets.xcassets */,
				535FA60A1BC242A60029B18C /* LaunchScreen.storyboard */,
				535FA60D1BC242A60029B18C /* Info.plist */,
				535FA6051BC242A60029B18C /* PuzzleBubble.xcdatamodeld */,
			);
			path = PuzzleBubble;
			sourceTree = "<group>";
		};
/* End PBXGroup section */

/* Begin PBXNativeTarget section */
		535FA5FA1BC242A60029B18C /* PuzzleBubble */ = {
			isa = PBXNativeTarget;
			buildConfigurationList = 535FA6101BC242A60029B18C /* Build configuration list for PBXNativeTarget "PuzzleBubble" */;
			buildPhases = (
				535FA5F71BC242A60029B18C /* Sources */,
				535FA5F81BC242A60029B18C /* Frameworks */,
				535FA5F91BC242A60029B18C /* Resources */,
			);
			buildRules = (
			);
			dependencies = (
			);
			name = PuzzleBubble;
			productName = PuzzleBubble;
			productReference = 535FA5FB1BC242A60029B18C /* PuzzleBubble.app */;
			productType = "com.apple.product-type.application";
		};
/* End PBXNativeTarget section */

/* Begin PBXProject section */
		535FA5F31BC242A60029B18C /* Project object */ = {
			isa = PBXProject;
			attributes = {
				LastUpgradeCheck = 0700;
				ORGANIZATIONNAME = ttobin;
				TargetAttributes = {
					535FA5FA1BC242A60029B18C = {
						CreatedOnToolsVersion = 7.0.1;
					};
				};
			};
			buildConfigurationList = 535FA5F61BC242A60029B18C /* Build configuration list for PBXProject "PuzzleBubble" */;
			compatibilityVersion = "Xcode 3.2";
			developmentRegion = English;
			hasScannedForEncodings = 0;
			knownRegions = (
				en,
				Base,
			);
			mainGroup = 535FA5F21BC242A50029B18C;
			productRefGroup = 535FA5FC1BC242A60029B18C /* Products */;
			projectDirPath = "";
			projectRoot = "";
			targets = (
				535FA5FA1BC242A60029B18C /* PuzzleBubble */,
			);
		};
/* End PBXProject section */

/* Begin PBXResourcesBuildPhase section */
		535FA5F91BC242A60029B18C /* Resources */ = {
			isa = PBXResourcesBuildPhase;
			buildActionMask = 2147483647;
			files = (
				535FA60C1BC242A60029B18C /* LaunchScreen.storyboard in Resources */,
				535FA6091BC242A60029B18C /* Assets.xcassets in Resources */,
				535FA6041BC242A60029B18C /* Main.storyboard in Resources */,
			);
			runOnlyForDeploymentPostprocessing = 0;
		};
/* End PBXResourcesBuildPhase section */

/* Begin PBXSourcesBuildPhase section */
		535FA5F71BC242A60029B18C /* Sources */ = {
			isa = PBXSourcesBuildPhase;
			buildActionMask = 2147483647;
			files = (
				535FA6011BC242A60029B18C /* ViewController.swift in Sources */,
				535FA6161BC2958E0029B18C /* GridViewCell.swift in Sources */,
				535FA6071BC242A60029B18C /* PuzzleBubble.xcdatamodeld in Sources */,
				535FA6141BC24E3F0029B18C /* GridCollectionViewController.swift in Sources */,
				535FA5FF1BC242A60029B18C /* AppDelegate.swift in Sources */,
			);
			runOnlyForDeploymentPostprocessing = 0;
		};
/* End PBXSourcesBuildPhase section */

/* Begin PBXVariantGroup section */
		535FA6021BC242A60029B18C /* Main.storyboard */ = {
			isa = PBXVariantGroup;
			children = (
				535FA6031BC242A60029B18C /* Base */,
			);
			name = Main.storyboard;
			sourceTree = "<group>";
		};
		535FA60A1BC242A60029B18C /* LaunchScreen.storyboard */ = {
			isa = PBXVariantGroup;
			children = (
				535FA60B1BC242A60029B18C /* Base */,
			);
			name = LaunchScreen.storyboard;
			sourceTree = "<group>";
		};
/* End PBXVariantGroup section */

/* Begin XCBuildConfiguration section */
		535FA60E1BC242A60029B18C /* Debug */ = {
			isa = XCBuildConfiguration;
			buildSettings = {
				ALWAYS_SEARCH_USER_PATHS = NO;
				CLANG_CXX_LANGUAGE_STANDARD = "gnu++0x";
				CLANG_CXX_LIBRARY = "libc++";
				CLANG_ENABLE_MODULES = YES;
				CLANG_ENABLE_OBJC_ARC = YES;
				CLANG_WARN_BOOL_CONVERSION = YES;
				CLANG_WARN_CONSTANT_CONVERSION = YES;
				CLANG_WARN_DIRECT_OBJC_ISA_USAGE = YES_ERROR;
				CLANG_WARN_EMPTY_BODY = YES;
				CLANG_WARN_ENUM_CONVERSION = YES;
				CLANG_WARN_INT_CONVERSION = YES;
				CLANG_WARN_OBJC_ROOT_CLASS = YES_ERROR;
				CLANG_WARN_UNREACHABLE_CODE = YES;
				CLANG_WARN__DUPLICATE_METHOD_MATCH = YES;
				"CODE_SIGN_IDENTITY[sdk=iphoneos*]" = "iPhone Developer";
				COPY_PHASE_STRIP = NO;
				DEBUG_INFORMATION_FORMAT = dwarf;
				ENABLE_STRICT_OBJC_MSGSEND = YES;
				ENABLE_TESTABILITY = YES;
				GCC_C_LANGUAGE_STANDARD = gnu99;
				GCC_DYNAMIC_NO_PIC = NO;
				GCC_NO_COMMON_BLOCKS = YES;
				GCC_OPTIMIZATION_LEVEL = 0;
				GCC_PREPROCESSOR_DEFINITIONS = (
					"DEBUG=1",
					"$(inherited)",
				);
				GCC_WARN_64_TO_32_BIT_CONVERSION = YES;
				GCC_WARN_ABOUT_RETURN_TYPE = YES_ERROR;
				GCC_WARN_UNDECLARED_SELECTOR = YES;
				GCC_WARN_UNINITIALIZED_AUTOS = YES_AGGRESSIVE;
				GCC_WARN_UNUSED_FUNCTION = YES;
				GCC_WARN_UNUSED_VARIABLE = YES;
				IPHONEOS_DEPLOYMENT_TARGET = 9.0;
				MTL_ENABLE_DEBUG_INFO = YES;
				ONLY_ACTIVE_ARCH = YES;
				SDKROOT = iphoneos;
				SWIFT_OPTIMIZATION_LEVEL = "-Onone";
				TARGETED_DEVICE_FAMILY = "1,2";
			};
			name = Debug;
		};
		535FA60F1BC242A60029B18C /* Release */ = {
			isa = XCBuildConfiguration;
			buildSettings = {
				ALWAYS_SEARCH_USER_PATHS = NO;
				CLANG_CXX_LANGUAGE_STANDARD = "gnu++0x";
				CLANG_CXX_LIBRARY = "libc++";
				CLANG_ENABLE_MODULES = YES;
				CLANG_ENABLE_OBJC_ARC = YES;
				CLANG_WARN_BOOL_CONVERSION = YES;
				CLANG_WARN_CONSTANT_CONVERSION = YES;
				CLANG_WARN_DIRECT_OBJC_ISA_USAGE = YES_ERROR;
				CLANG_WARN_EMPTY_BODY = YES;
				CLANG_WARN_ENUM_CONVERSION = YES;
				CLANG_WARN_INT_CONVERSION = YES;
				CLANG_WARN_OBJC_ROOT_CLASS = YES_ERROR;
				CLANG_WARN_UNREACHABLE_CODE = YES;
				CLANG_WARN__DUPLICATE_METHOD_MATCH = YES;
				"CODE_SIGN_IDENTITY[sdk=iphoneos*]" = "iPhone Developer";
				COPY_PHASE_STRIP = NO;
				DEBUG_INFORMATION_FORMAT = "dwarf-with-dsym";
				ENABLE_NS_ASSERTIONS = NO;
				ENABLE_STRICT_OBJC_MSGSEND = YES;
				GCC_C_LANGUAGE_STANDARD = gnu99;
				GCC_NO_COMMON_BLOCKS = YES;
				GCC_WARN_64_TO_32_BIT_CONVERSION = YES;
				GCC_WARN_ABOUT_RETURN_TYPE = YES_ERROR;
				GCC_WARN_UNDECLARED_SELECTOR = YES;
				GCC_WARN_UNINITIALIZED_AUTOS = YES_AGGRESSIVE;
				GCC_WARN_UNUSED_FUNCTION = YES;
				GCC_WARN_UNUSED_VARIABLE = YES;
				IPHONEOS_DEPLOYMENT_TARGET = 9.0;
				MTL_ENABLE_DEBUG_INFO = NO;
				SDKROOT = iphoneos;
				TARGETED_DEVICE_FAMILY = "1,2";
				VALIDATE_PRODUCT = YES;
			};
			name = Release;
		};
		535FA6111BC242A60029B18C /* Debug */ = {
			isa = XCBuildConfiguration;
			buildSettings = {
				ASSETCATALOG_COMPILER_APPICON_NAME = AppIcon;
				INFOPLIST_FILE = PuzzleBubble/Info.plist;
				LD_RUNPATH_SEARCH_PATHS = "$(inherited) @executable_path/Frameworks";
				PRODUCT_BUNDLE_IDENTIFIER = com.ttobin.PuzzleBubble;
				PRODUCT_NAME = "$(TARGET_NAME)";
			};
			name = Debug;
		};
		535FA6121BC242A60029B18C /* Release */ = {
			isa = XCBuildConfiguration;
			buildSettings = {
				ASSETCATALOG_COMPILER_APPICON_NAME = AppIcon;
				INFOPLIST_FILE = PuzzleBubble/Info.plist;
				LD_RUNPATH_SEARCH_PATHS = "$(inherited) @executable_path/Frameworks";
				PRODUCT_BUNDLE_IDENTIFIER = com.ttobin.PuzzleBubble;
				PRODUCT_NAME = "$(TARGET_NAME)";
			};
			name = Release;
		};
/* End XCBuildConfiguration section */

/* Begin XCConfigurationList section */
		535FA5F61BC242A60029B18C /* Build configuration list for PBXProject "PuzzleBubble" */ = {
			isa = XCConfigurationList;
			buildConfigurations = (
				535FA60E1BC242A60029B18C /* Debug */,
				535FA60F1BC242A60029B18C /* Release */,
			);
			defaultConfigurationIsVisible = 0;
			defaultConfigurationName = Release;
		};
		535FA6101BC242A60029B18C /* Build configuration list for PBXNativeTarget "PuzzleBubble" */ = {
			isa = XCConfigurationList;
			buildConfigurations = (
				535FA6111BC242A60029B18C /* Debug */,
				535FA6121BC242A60029B18C /* Release */,
			);
			defaultConfigurationIsVisible = 0;
		};
/* End XCConfigurationList section */

/* Begin XCVersionGroup section */
		535FA6051BC242A60029B18C /* PuzzleBubble.xcdatamodeld */ = {
			isa = XCVersionGroup;
			children = (
				535FA6061BC242A60029B18C /* PuzzleBubble.xcdatamodel */,
			);
			currentVersion = 535FA6061BC242A60029B18C /* PuzzleBubble.xcdatamodel */;
			path = PuzzleBubble.xcdatamodeld;
			sourceTree = "<group>";
			versionGroupType = wrapper.xcdatamodel;
		};
/* End XCVersionGroup section */
	};
	rootObject = 535FA5F31BC242A60029B18C /* Project object */;
}
